{
  "name": "ajs-module",
  "version": "1.0.0",
  "lockfileVersion": 1,
  "requires": true,
  "dependencies": {
    "@andreykorolevich/ajs": {
      "version": "1.0.0",
      "resolved": "https://npm.pkg.github.com/download/@andreykorolevich/ajs/1.0.0/d4c26c6367bed7861496b2fd5bee929424d6b3c390edc64712ff11077de35f3f",
      "integrity": "sha512-O2Ba5JXmR126olpCGBAsOHjZIS+UejrnlnmYboP/Gar5IR1keA+t0VwKvPImEbTGDSJrIevpxtFannNXGC8jFQ=="
    }
  }
}
